
Microsoft Visual Studio Solution File, Format Version 12.00
# Visual Studio 14
VisualStudioVersion = 14.0.24720.0
MinimumVisualStudioVersion = 10.0.40219.1
Project("{FAE04EC0-301F-11D3-BF4B-00C04F79EFBC}") = "Repositorio", "Repositorio\Repositorio.csproj", "{B76C16A9-3BB2-4538-92A8-48B6A31DC402}"
EndProject
Project("{FAE04EC0-301F-11D3-BF4B-00C04F79EFBC}") = "AppNhibernateCrud", "AppNhibernateCrud\AppNhibernateCrud.csproj", "{A45B9FB0-24E9-4283-A48D-D5D28755760E}"
EndProject
Global
	GlobalSection(SolutionConfigurationPlatforms) = preSolution
		Debug|Any CPU = Debug|Any CPU
		Release|Any CPU = Release|Any CPU
	EndGlobalSection
	GlobalSection(ProjectConfigurationPlatforms) = postSolution
		{B76C16A9-3BB2-4538-92A8-48B6A31DC402}.Debug|Any CPU.ActiveCfg = Debug|Any CPU
		{B76C16A9-3BB2-4538-92A8-48B6A31DC402}.Debug|Any CPU.Build.0 = Debug|Any CPU
		{B76C16A9-3BB2-4538-92A8-48B6A31DC402}.Release|Any CPU.ActiveCfg = Release|Any CPU
		{B76C16A9-3BB2-4538-92A8-48B6A31DC402}.Release|Any CPU.Build.0 = Release|Any CPU
		{A45B9FB0-24E9-4283-A48D-D5D28755760E}.Debug|Any CPU.ActiveCfg = Debug|Any CPU
		{A45B9FB0-24E9-4283-A48D-D5D28755760E}.Debug|Any CPU.Build.0 = Debug|Any CPU
		{A45B9FB0-24E9-4283-A48D-D5D28755760E}.Release|Any CPU.ActiveCfg = Release|Any CPU
		{A45B9FB0-24E9-4283-A48D-D5D28755760E}.Release|Any CPU.Build.0 = Release|Any CPU
	EndGlobalSection
	GlobalSection(SolutionProperties) = preSolution
		HideSolutionNode = FALSE
	EndGlobalSection
EndGlobal
